
Microsoft Visual Studio Solution File, Format Version 12.00
# Visual Studio 15
VisualStudioVersion = 15.0.28307.421
MinimumVisualStudioVersion = 10.0.40219.1
Project("{8BC9CEB8-8B4A-11D0-8D11-00A0C91BC942}") = "Laberitiane", "Laberitiane\Laberitiane.vcxproj", "{BCF5FF09-8667-476B-B65D-A2A5FF6051A6}"
EndProject
Global
	GlobalSection(SolutionConfigurationPlatforms) = preSolution
		Debug|x64 = Debug|x64
		Debug|x86 = Debug|x86
		Release|x64 = Release|x64
		Release|x86 = Release|x86
	EndGlobalSection
	GlobalSection(ProjectConfigurationPlatforms) = postSolution
		{BCF5FF09-8667-476B-B65D-A2A5FF6051A6}.Debug|x64.ActiveCfg = Debug|x64
		{BCF5FF09-8667-476B-B65D-A2A5FF6051A6}.Debug|x64.Build.0 = Debug|x64
		{BCF5FF09-8667-476B-B65D-A2A5FF6051A6}.Debug|x86.ActiveCfg = Debug|Win32
		{BCF5FF09-8667-476B-B65D-A2A5FF6051A6}.Debug|x86.Build.0 = Debug|Win32
		{BCF5FF09-8667-476B-B65D-A2A5FF6051A6}.Release|x64.ActiveCfg = Release|x64
		{BCF5FF09-8667-476B-B65D-A2A5FF6051A6}.Release|x64.Build.0 = Release|x64
		{BCF5FF09-8667-476B-B65D-A2A5FF6051A6}.Release|x86.ActiveCfg = Release|Win32
		{BCF5FF09-8667-476B-B65D-A2A5FF6051A6}.Release|x86.Build.0 = Release|Win32
	EndGlobalSection
	GlobalSection(SolutionProperties) = preSolution
		HideSolutionNode = FALSE
	EndGlobalSection
	GlobalSection(ExtensibilityGlobals) = postSolution
		SolutionGuid = {8A1F2E1C-4320-4445-BAE2-BA12E65AAF28}
	EndGlobalSection
EndGlobal
